
Microsoft Visual Studio Solution File, Format Version 12.00
# Visual Studio Version 17
VisualStudioVersion = 17.2.32526.322
MinimumVisualStudioVersion = 10.0.40219.1
Project("{FAE04EC0-301F-11D3-BF4B-00C04F79EFBC}") = "ApiVendas", "ApiVendas\ApiVendas.csproj", "{345B6251-6D47-4DBD-941E-7E4D36E7F765}"
EndProject
Global
	GlobalSection(SolutionConfigurationPlatforms) = preSolution
		Debug|Any CPU = Debug|Any CPU
		Release|Any CPU = Release|Any CPU
	EndGlobalSection
	GlobalSection(ProjectConfigurationPlatforms) = postSolution
		{345B6251-6D47-4DBD-941E-7E4D36E7F765}.Debug|Any CPU.ActiveCfg = Debug|Any CPU
		{345B6251-6D47-4DBD-941E-7E4D36E7F765}.Debug|Any CPU.Build.0 = Debug|Any CPU
		{345B6251-6D47-4DBD-941E-7E4D36E7F765}.Release|Any CPU.ActiveCfg = Release|Any CPU
		{345B6251-6D47-4DBD-941E-7E4D36E7F765}.Release|Any CPU.Build.0 = Release|Any CPU
	EndGlobalSection
	GlobalSection(SolutionProperties) = preSolution
		HideSolutionNode = FALSE
	EndGlobalSection
	GlobalSection(ExtensibilityGlobals) = postSolution
		SolutionGuid = {808649D2-E74E-4CAB-81F9-28C65CD7642C}
	EndGlobalSection
EndGlobal
