
Microsoft Visual Studio Solution File, Format Version 12.00
# Visual Studio Version 17
VisualStudioVersion = 17.2.32526.322
MinimumVisualStudioVersion = 10.0.40219.1
Project("{FAE04EC0-301F-11D3-BF4B-00C04F79EFBC}") = "Params", "Params\Params.csproj", "{BA3A52B1-0E4F-40AE-8417-CA56349E7ABE}"
EndProject
Global
	GlobalSection(SolutionConfigurationPlatforms) = preSolution
		Debug|Any CPU = Debug|Any CPU
		Release|Any CPU = Release|Any CPU
	EndGlobalSection
	GlobalSection(ProjectConfigurationPlatforms) = postSolution
		{BA3A52B1-0E4F-40AE-8417-CA56349E7ABE}.Debug|Any CPU.ActiveCfg = Debug|Any CPU
		{BA3A52B1-0E4F-40AE-8417-CA56349E7ABE}.Debug|Any CPU.Build.0 = Debug|Any CPU
		{BA3A52B1-0E4F-40AE-8417-CA56349E7ABE}.Release|Any CPU.ActiveCfg = Release|Any CPU
		{BA3A52B1-0E4F-40AE-8417-CA56349E7ABE}.Release|Any CPU.Build.0 = Release|Any CPU
	EndGlobalSection
	GlobalSection(SolutionProperties) = preSolution
		HideSolutionNode = FALSE
	EndGlobalSection
	GlobalSection(ExtensibilityGlobals) = postSolution
		SolutionGuid = {AB59885B-9CA2-4EB9-9DFD-B411A4AA4E64}
	EndGlobalSection
EndGlobal
