
Microsoft Visual Studio Solution File, Format Version 12.00
# Visual Studio Version 17
VisualStudioVersion = 17.2.32526.322
MinimumVisualStudioVersion = 10.0.40219.1
Project("{FAE04EC0-301F-11D3-BF4B-00C04F79EFBC}") = "POO", "POO\POO.csproj", "{1E3968C4-6145-4064-ADE8-F2BB74C62762}"
EndProject
Global
	GlobalSection(SolutionConfigurationPlatforms) = preSolution
		Debug|Any CPU = Debug|Any CPU
		Release|Any CPU = Release|Any CPU
	EndGlobalSection
	GlobalSection(ProjectConfigurationPlatforms) = postSolution
		{1E3968C4-6145-4064-ADE8-F2BB74C62762}.Debug|Any CPU.ActiveCfg = Debug|Any CPU
		{1E3968C4-6145-4064-ADE8-F2BB74C62762}.Debug|Any CPU.Build.0 = Debug|Any CPU
		{1E3968C4-6145-4064-ADE8-F2BB74C62762}.Release|Any CPU.ActiveCfg = Release|Any CPU
		{1E3968C4-6145-4064-ADE8-F2BB74C62762}.Release|Any CPU.Build.0 = Release|Any CPU
	EndGlobalSection
	GlobalSection(SolutionProperties) = preSolution
		HideSolutionNode = FALSE
	EndGlobalSection
	GlobalSection(ExtensibilityGlobals) = postSolution
		SolutionGuid = {FF250D01-9218-4AA0-80F4-589D36F9764F}
	EndGlobalSection
EndGlobal
