
Microsoft Visual Studio Solution File, Format Version 12.00
# Visual Studio Version 17
VisualStudioVersion = 17.2.32526.322
MinimumVisualStudioVersion = 10.0.40219.1
Project("{FAE04EC0-301F-11D3-BF4B-00C04F79EFBC}") = "Exercicio1", "Exercicio1\Exercicio1.csproj", "{5FA761CA-0ED5-4766-8B36-AA0B31854C93}"
EndProject
Global
	GlobalSection(SolutionConfigurationPlatforms) = preSolution
		Debug|Any CPU = Debug|Any CPU
		Release|Any CPU = Release|Any CPU
	EndGlobalSection
	GlobalSection(ProjectConfigurationPlatforms) = postSolution
		{5FA761CA-0ED5-4766-8B36-AA0B31854C93}.Debug|Any CPU.ActiveCfg = Debug|Any CPU
		{5FA761CA-0ED5-4766-8B36-AA0B31854C93}.Debug|Any CPU.Build.0 = Debug|Any CPU
		{5FA761CA-0ED5-4766-8B36-AA0B31854C93}.Release|Any CPU.ActiveCfg = Release|Any CPU
		{5FA761CA-0ED5-4766-8B36-AA0B31854C93}.Release|Any CPU.Build.0 = Release|Any CPU
	EndGlobalSection
	GlobalSection(SolutionProperties) = preSolution
		HideSolutionNode = FALSE
	EndGlobalSection
	GlobalSection(ExtensibilityGlobals) = postSolution
		SolutionGuid = {63DA8BC9-649F-4CFA-A803-281AE828AED1}
	EndGlobalSection
EndGlobal
